
Microsoft Visual Studio Solution File, Format Version 12.00
# Visual Studio Version 17
VisualStudioVersion = 17.14.36202.13
MinimumVisualStudioVersion = 10.0.40219.1
Project("{FAE04EC0-301F-11D3-BF4B-00C04F79EFBC}") = "JAMFProAPIMigration", "JAMFProAPIMigration\JAMFProAPIMigration.csproj", "{D87B136C-F03D-1F5C-669D-AA522E2015F4}"
EndProject
Project("{FAE04EC0-301F-11D3-BF4B-00C04F79EFBC}") = "JAMFProAPITool", "JAMFProAPITool\JAMFProAPITool.csproj", "{CD1C44C6-3400-8F17-A25E-B1D6309F7D0A}"
EndProject
Global
	GlobalSection(SolutionConfigurationPlatforms) = preSolution
		Debug|Any CPU = Debug|Any CPU
		Release|Any CPU = Release|Any CPU
	EndGlobalSection
	GlobalSection(ProjectConfigurationPlatforms) = postSolution
		{D87B136C-F03D-1F5C-669D-AA522E2015F4}.Debug|Any CPU.ActiveCfg = Debug|Any CPU
		{D87B136C-F03D-1F5C-669D-AA522E2015F4}.Debug|Any CPU.Build.0 = Debug|Any CPU
		{D87B136C-F03D-1F5C-669D-AA522E2015F4}.Release|Any CPU.ActiveCfg = Release|Any CPU
		{D87B136C-F03D-1F5C-669D-AA522E2015F4}.Release|Any CPU.Build.0 = Release|Any CPU
		{CD1C44C6-3400-8F17-A25E-B1D6309F7D0A}.Debug|Any CPU.ActiveCfg = Debug|Any CPU
		{CD1C44C6-3400-8F17-A25E-B1D6309F7D0A}.Debug|Any CPU.Build.0 = Debug|Any CPU
		{CD1C44C6-3400-8F17-A25E-B1D6309F7D0A}.Release|Any CPU.ActiveCfg = Release|Any CPU
		{CD1C44C6-3400-8F17-A25E-B1D6309F7D0A}.Release|Any CPU.Build.0 = Release|Any CPU
	EndGlobalSection
	GlobalSection(SolutionProperties) = preSolution
		HideSolutionNode = FALSE
	EndGlobalSection
	GlobalSection(ExtensibilityGlobals) = postSolution
		SolutionGuid = {EC88CD06-749B-48D9-A2BE-31096C5596F9}
	EndGlobalSection
EndGlobal
